
Microsoft Visual Studio Solution File, Format Version 12.00
# Visual Studio Version 16
VisualStudioVersion = 16.0.33130.400
MinimumVisualStudioVersion = 10.0.40219.1
Project("{9A19103F-16F7-4668-BE54-9A1E7A4F7556}") = "Task 3", "Task 3.csproj", "{277FAFFF-9B86-46FC-9900-1D050C1EF393}"
EndProject
Project("{9A19103F-16F7-4668-BE54-9A1E7A4F7556}") = "Task 4", "..\Task 4\Task 4.csproj", "{59D95E64-E291-4D20-A3C7-ED9E301CFB31}"
EndProject
Project("{9A19103F-16F7-4668-BE54-9A1E7A4F7556}") = "Task 2", "..\Task 2\Task 2.csproj", "{B12654EC-D6A7-4125-AD80-BB87D2503FEC}"
EndProject
Project("{9A19103F-16F7-4668-BE54-9A1E7A4F7556}") = "Task 1", "..\Task 1\Task 1.csproj", "{6561E17B-A685-485D-B9CC-285D2F1BF63B}"
EndProject
Project("{9A19103F-16F7-4668-BE54-9A1E7A4F7556}") = "Task 5", "..\Task 5\Task 5.csproj", "{6500F9E0-6C6E-4512-9FB2-3027E7A963B7}"
EndProject
Project("{9A19103F-16F7-4668-BE54-9A1E7A4F7556}") = "Task 6", "..\Task 6\Task 6.csproj", "{C66F8C5C-5316-4483-9325-30894D85DC94}"
EndProject
Project("{FAE04EC0-301F-11D3-BF4B-00C04F79EFBC}") = "Task 7", "..\Task 7\Task 7.csproj", "{7FEEF746-C8D7-4E1A-803C-A811AA7EACF7}"
EndProject
Global
	GlobalSection(SolutionConfigurationPlatforms) = preSolution
		Debug|Any CPU = Debug|Any CPU
		Release|Any CPU = Release|Any CPU
	EndGlobalSection
	GlobalSection(ProjectConfigurationPlatforms) = postSolution
		{277FAFFF-9B86-46FC-9900-1D050C1EF393}.Debug|Any CPU.ActiveCfg = Debug|Any CPU
		{277FAFFF-9B86-46FC-9900-1D050C1EF393}.Debug|Any CPU.Build.0 = Debug|Any CPU
		{277FAFFF-9B86-46FC-9900-1D050C1EF393}.Release|Any CPU.ActiveCfg = Release|Any CPU
		{277FAFFF-9B86-46FC-9900-1D050C1EF393}.Release|Any CPU.Build.0 = Release|Any CPU
		{59D95E64-E291-4D20-A3C7-ED9E301CFB31}.Debug|Any CPU.ActiveCfg = Debug|Any CPU
		{59D95E64-E291-4D20-A3C7-ED9E301CFB31}.Debug|Any CPU.Build.0 = Debug|Any CPU
		{59D95E64-E291-4D20-A3C7-ED9E301CFB31}.Release|Any CPU.ActiveCfg = Release|Any CPU
		{59D95E64-E291-4D20-A3C7-ED9E301CFB31}.Release|Any CPU.Build.0 = Release|Any CPU
		{B12654EC-D6A7-4125-AD80-BB87D2503FEC}.Debug|Any CPU.ActiveCfg = Debug|Any CPU
		{B12654EC-D6A7-4125-AD80-BB87D2503FEC}.Debug|Any CPU.Build.0 = Debug|Any CPU
		{B12654EC-D6A7-4125-AD80-BB87D2503FEC}.Release|Any CPU.ActiveCfg = Release|Any CPU
		{B12654EC-D6A7-4125-AD80-BB87D2503FEC}.Release|Any CPU.Build.0 = Release|Any CPU
		{6561E17B-A685-485D-B9CC-285D2F1BF63B}.Debug|Any CPU.ActiveCfg = Debug|Any CPU
		{6561E17B-A685-485D-B9CC-285D2F1BF63B}.Debug|Any CPU.Build.0 = Debug|Any CPU
		{6561E17B-A685-485D-B9CC-285D2F1BF63B}.Release|Any CPU.ActiveCfg = Release|Any CPU
		{6561E17B-A685-485D-B9CC-285D2F1BF63B}.Release|Any CPU.Build.0 = Release|Any CPU
		{6500F9E0-6C6E-4512-9FB2-3027E7A963B7}.Debug|Any CPU.ActiveCfg = Debug|Any CPU
		{6500F9E0-6C6E-4512-9FB2-3027E7A963B7}.Debug|Any CPU.Build.0 = Debug|Any CPU
		{6500F9E0-6C6E-4512-9FB2-3027E7A963B7}.Release|Any CPU.ActiveCfg = Release|Any CPU
		{6500F9E0-6C6E-4512-9FB2-3027E7A963B7}.Release|Any CPU.Build.0 = Release|Any CPU
		{C66F8C5C-5316-4483-9325-30894D85DC94}.Debug|Any CPU.ActiveCfg = Debug|Any CPU
		{C66F8C5C-5316-4483-9325-30894D85DC94}.Debug|Any CPU.Build.0 = Debug|Any CPU
		{C66F8C5C-5316-4483-9325-30894D85DC94}.Release|Any CPU.ActiveCfg = Release|Any CPU
		{C66F8C5C-5316-4483-9325-30894D85DC94}.Release|Any CPU.Build.0 = Release|Any CPU
		{7FEEF746-C8D7-4E1A-803C-A811AA7EACF7}.Debug|Any CPU.ActiveCfg = Debug|Any CPU
		{7FEEF746-C8D7-4E1A-803C-A811AA7EACF7}.Debug|Any CPU.Build.0 = Debug|Any CPU
		{7FEEF746-C8D7-4E1A-803C-A811AA7EACF7}.Release|Any CPU.ActiveCfg = Release|Any CPU
		{7FEEF746-C8D7-4E1A-803C-A811AA7EACF7}.Release|Any CPU.Build.0 = Release|Any CPU
	EndGlobalSection
	GlobalSection(SolutionProperties) = preSolution
		HideSolutionNode = FALSE
	EndGlobalSection
	GlobalSection(ExtensibilityGlobals) = postSolution
		SolutionGuid = {39E60AA4-4567-40B8-B213-9D0EEBA5A437}
	EndGlobalSection
EndGlobal
